
Microsoft Visual Studio Solution File, Format Version 12.00
# Visual Studio Version 16
VisualStudioVersion = 16.0.29009.5
MinimumVisualStudioVersion = 10.0.40219.1
Project("{FAE04EC0-301F-11D3-BF4B-00C04F79EFBC}") = "TestingTempateFakeJson", "TestingTempateFakeJson\TestingTempateFakeJson.csproj", "{FF8FFEBE-F62C-465B-9AE7-0F8C9C97969F}"
EndProject
Global
	GlobalSection(SolutionConfigurationPlatforms) = preSolution
		Debug|Any CPU = Debug|Any CPU
		Release|Any CPU = Release|Any CPU
	EndGlobalSection
	GlobalSection(ProjectConfigurationPlatforms) = postSolution
		{FF8FFEBE-F62C-465B-9AE7-0F8C9C97969F}.Debug|Any CPU.ActiveCfg = Debug|Any CPU
		{FF8FFEBE-F62C-465B-9AE7-0F8C9C97969F}.Debug|Any CPU.Build.0 = Debug|Any CPU
		{FF8FFEBE-F62C-465B-9AE7-0F8C9C97969F}.Release|Any CPU.ActiveCfg = Release|Any CPU
		{FF8FFEBE-F62C-465B-9AE7-0F8C9C97969F}.Release|Any CPU.Build.0 = Release|Any CPU
	EndGlobalSection
	GlobalSection(SolutionProperties) = preSolution
		HideSolutionNode = FALSE
	EndGlobalSection
	GlobalSection(ExtensibilityGlobals) = postSolution
		SolutionGuid = {4DBC0B62-ADE1-4680-B136-14DD46DE7569}
	EndGlobalSection
EndGlobal
